
Microsoft Visual Studio Solution File, Format Version 12.00
# Visual Studio Version 17
VisualStudioVersion = 17.8.34330.188
MinimumVisualStudioVersion = 10.0.40219.1
Project("{FAE04EC0-301F-11D3-BF4B-00C04F79EFBC}") = "ConsoleApp1", "ConsoleApp1.csproj", "{E4E26A20-B92A-4A00-B266-80A509397E17}"
EndProject
Global
	GlobalSection(SolutionConfigurationPlatforms) = preSolution
		Debug|Any CPU = Debug|Any CPU
		Release|Any CPU = Release|Any CPU
	EndGlobalSection
	GlobalSection(ProjectConfigurationPlatforms) = postSolution
		{E4E26A20-B92A-4A00-B266-80A509397E17}.Debug|Any CPU.ActiveCfg = Debug|Any CPU
		{E4E26A20-B92A-4A00-B266-80A509397E17}.Debug|Any CPU.Build.0 = Debug|Any CPU
		{E4E26A20-B92A-4A00-B266-80A509397E17}.Release|Any CPU.ActiveCfg = Release|Any CPU
		{E4E26A20-B92A-4A00-B266-80A509397E17}.Release|Any CPU.Build.0 = Release|Any CPU
	EndGlobalSection
	GlobalSection(SolutionProperties) = preSolution
		HideSolutionNode = FALSE
	EndGlobalSection
	GlobalSection(ExtensibilityGlobals) = postSolution
		SolutionGuid = {AB6B250A-D8B0-4918-B098-4BF1388B073B}
	EndGlobalSection
EndGlobal
